{
  "pins" : [
    {
      "identity" : "alamofire",
      "kind" : "remoteSourceControl",
      "location" : "https://github.com/Alamofire/Alamofire.git",
      "state" : {
        "revision" : "f455c2975872ccd2d9c81594c658af65716e9b9a",
        "version" : "5.9.1"
      }
    },
    {
      "identity" : "commonlibs",
      "kind" : "remoteSourceControl",
      "location" : "https://github.com/andforce/CommonLibs.git",
      "state" : {
        "branch" : "main",
        "revision" : "7f216ce8d884d92f06ace3bcacac2e3ff4f28544"
      }
    }
  ],
  "version" : 2
}
