{
  "pins" : [
    {
      "identity" : "commonlibs",
      "kind" : "remoteSourceControl",
      "location" : "git@github.com:andforce/CommonLibs.git",
      "state" : {
        "revision" : "d1e943008a89f0dc5fcb3f224768b11e5404347b",
        "version" : "0.0.5"
      }
    }
  ],
  "version" : 2
}
